
Microsoft Visual Studio Solution File, Format Version 12.00
# Visual Studio 2013
VisualStudioVersion = 12.0.31101.0
MinimumVisualStudioVersion = 10.0.40219.1
Project("{FAE04EC0-301F-11D3-BF4B-00C04F79EFBC}") = "Singular.Core", "Singular.Core\Singular.Core.csproj", "{D0B9BC15-A3F6-4CC6-880D-31B9AE5AE5BC}"
EndProject
Project("{FAE04EC0-301F-11D3-BF4B-00C04F79EFBC}") = "Singular.Modules.Core", "Singular.Modules.Core\Singular.Modules.Core.csproj", "{4C18CC9F-F44F-4886-BBDC-5153C1F46664}"
EndProject
Project("{FAE04EC0-301F-11D3-BF4B-00C04F79EFBC}") = "Singular.Web.Mvc", "Singular.Web.Mvc\Singular.Web.Mvc.csproj", "{F6EF1976-6947-4243-8204-BD5934D18A64}"
EndProject
Project("{FAE04EC0-301F-11D3-BF4B-00C04F79EFBC}") = "MySingularApplication", "MySingularApplication\MySingularApplication.csproj", "{09E83DDD-9C74-44F8-AB00-CBF8C4BDEA71}"
EndProject
Project("{FAE04EC0-301F-11D3-BF4B-00C04F79EFBC}") = "Singular.Useful", "Singular.Useful\Singular.Useful.csproj", "{F3C6E12B-A9A3-434A-8EA3-EC87401B360F}"
EndProject
Project("{FAE04EC0-301F-11D3-BF4B-00C04F79EFBC}") = "Singular.Web.Mvc.EmbeddedResourceConfiguration", "Singular.Web.Mvc.EmbeddedResourceConfiguration\Singular.Web.Mvc.EmbeddedResourceConfiguration.csproj", "{83E8C23A-8655-4EE4-9CC4-124DA5CF8A4E}"
EndProject
Project("{FAE04EC0-301F-11D3-BF4B-00C04F79EFBC}") = "RandomHarness", "RandomHarness\RandomHarness.csproj", "{2C3F04E7-D67E-4354-A2C0-C245ADC59C73}"
EndProject
Project("{2150E333-8FDC-42A3-9474-1A3956D46DE8}") = "Modules", "Modules", "{A7117FA3-88CB-471F-8C86-4F97704A3ED9}"
EndProject
Project("{2150E333-8FDC-42A3-9474-1A3956D46DE8}") = "Mvc", "Mvc", "{7E7E08E1-1D80-464B-9719-D8206E97D13B}"
EndProject
Project("{2150E333-8FDC-42A3-9474-1A3956D46DE8}") = "Core", "Core", "{03B01401-980C-4E7D-8B35-501367970FBF}"
EndProject
Project("{2150E333-8FDC-42A3-9474-1A3956D46DE8}") = "Harnesses", "Harnesses", "{B818AD7C-1945-4E87-80BF-F2E74660CFFE}"
EndProject
Project("{2150E333-8FDC-42A3-9474-1A3956D46DE8}") = "ComponentModules", "ComponentModules", "{23C9F33E-2FB3-450F-91C2-8AAE63E6F8E0}"
EndProject
Project("{FAE04EC0-301F-11D3-BF4B-00C04F79EFBC}") = "AltNg", "AltNg\AltNg.csproj", "{AE75B047-07C0-4F9C-95EF-C1299452F93B}"
EndProject
Project("{2150E333-8FDC-42A3-9474-1A3956D46DE8}") = "SingularModules", "SingularModules", "{EB4C217E-A848-4C62-BC13-B813C3C548A6}"
EndProject
Project("{FAE04EC0-301F-11D3-BF4B-00C04F79EFBC}") = "MySingularApplication2", "MySingularApplication2\MySingularApplication2.csproj", "{71247444-BDA0-443C-9014-F4853AF066B7}"
EndProject
Project("{FAE04EC0-301F-11D3-BF4B-00C04F79EFBC}") = "Identity2Test", "Identity2Test\Identity2Test.csproj", "{64CFFE7C-E0BD-4B58-90CB-B32A16A4BC0B}"
EndProject
Project("{FAE04EC0-301F-11D3-BF4B-00C04F79EFBC}") = "Singular.Web.Mvc.Common", "Singular.Web.Mvc.Common\Singular.Web.Mvc.Common.csproj", "{425E5ED4-BA22-49AF-9689-829B85BED5C3}"
EndProject
Project("{FAE04EC0-301F-11D3-BF4B-00C04F79EFBC}") = "Singular.Modules.Core.Data", "Singular.Modules.Core.Data\Singular.Modules.Core.Data.csproj", "{21D88458-2DBC-4FCD-BD69-EBB2FB45A042}"
EndProject
Global
	GlobalSection(SolutionConfigurationPlatforms) = preSolution
		Debug|Any CPU = Debug|Any CPU
		Release|Any CPU = Release|Any CPU
	EndGlobalSection
	GlobalSection(ProjectConfigurationPlatforms) = postSolution
		{D0B9BC15-A3F6-4CC6-880D-31B9AE5AE5BC}.Debug|Any CPU.ActiveCfg = Debug|Any CPU
		{D0B9BC15-A3F6-4CC6-880D-31B9AE5AE5BC}.Debug|Any CPU.Build.0 = Debug|Any CPU
		{D0B9BC15-A3F6-4CC6-880D-31B9AE5AE5BC}.Release|Any CPU.ActiveCfg = Release|Any CPU
		{D0B9BC15-A3F6-4CC6-880D-31B9AE5AE5BC}.Release|Any CPU.Build.0 = Release|Any CPU
		{4C18CC9F-F44F-4886-BBDC-5153C1F46664}.Debug|Any CPU.ActiveCfg = Debug|Any CPU
		{4C18CC9F-F44F-4886-BBDC-5153C1F46664}.Debug|Any CPU.Build.0 = Debug|Any CPU
		{4C18CC9F-F44F-4886-BBDC-5153C1F46664}.Release|Any CPU.ActiveCfg = Release|Any CPU
		{4C18CC9F-F44F-4886-BBDC-5153C1F46664}.Release|Any CPU.Build.0 = Release|Any CPU
		{F6EF1976-6947-4243-8204-BD5934D18A64}.Debug|Any CPU.ActiveCfg = Debug|Any CPU
		{F6EF1976-6947-4243-8204-BD5934D18A64}.Debug|Any CPU.Build.0 = Debug|Any CPU
		{F6EF1976-6947-4243-8204-BD5934D18A64}.Release|Any CPU.ActiveCfg = Release|Any CPU
		{F6EF1976-6947-4243-8204-BD5934D18A64}.Release|Any CPU.Build.0 = Release|Any CPU
		{09E83DDD-9C74-44F8-AB00-CBF8C4BDEA71}.Debug|Any CPU.ActiveCfg = Debug|Any CPU
		{09E83DDD-9C74-44F8-AB00-CBF8C4BDEA71}.Debug|Any CPU.Build.0 = Debug|Any CPU
		{09E83DDD-9C74-44F8-AB00-CBF8C4BDEA71}.Release|Any CPU.ActiveCfg = Release|Any CPU
		{09E83DDD-9C74-44F8-AB00-CBF8C4BDEA71}.Release|Any CPU.Build.0 = Release|Any CPU
		{F3C6E12B-A9A3-434A-8EA3-EC87401B360F}.Debug|Any CPU.ActiveCfg = Debug|Any CPU
		{F3C6E12B-A9A3-434A-8EA3-EC87401B360F}.Debug|Any CPU.Build.0 = Debug|Any CPU
		{F3C6E12B-A9A3-434A-8EA3-EC87401B360F}.Release|Any CPU.ActiveCfg = Release|Any CPU
		{F3C6E12B-A9A3-434A-8EA3-EC87401B360F}.Release|Any CPU.Build.0 = Release|Any CPU
		{83E8C23A-8655-4EE4-9CC4-124DA5CF8A4E}.Debug|Any CPU.ActiveCfg = Debug|Any CPU
		{83E8C23A-8655-4EE4-9CC4-124DA5CF8A4E}.Debug|Any CPU.Build.0 = Debug|Any CPU
		{83E8C23A-8655-4EE4-9CC4-124DA5CF8A4E}.Release|Any CPU.ActiveCfg = Release|Any CPU
		{83E8C23A-8655-4EE4-9CC4-124DA5CF8A4E}.Release|Any CPU.Build.0 = Release|Any CPU
		{2C3F04E7-D67E-4354-A2C0-C245ADC59C73}.Debug|Any CPU.ActiveCfg = Debug|Any CPU
		{2C3F04E7-D67E-4354-A2C0-C245ADC59C73}.Debug|Any CPU.Build.0 = Debug|Any CPU
		{2C3F04E7-D67E-4354-A2C0-C245ADC59C73}.Release|Any CPU.ActiveCfg = Release|Any CPU
		{2C3F04E7-D67E-4354-A2C0-C245ADC59C73}.Release|Any CPU.Build.0 = Release|Any CPU
		{AE75B047-07C0-4F9C-95EF-C1299452F93B}.Debug|Any CPU.ActiveCfg = Debug|Any CPU
		{AE75B047-07C0-4F9C-95EF-C1299452F93B}.Debug|Any CPU.Build.0 = Debug|Any CPU
		{AE75B047-07C0-4F9C-95EF-C1299452F93B}.Release|Any CPU.ActiveCfg = Release|Any CPU
		{AE75B047-07C0-4F9C-95EF-C1299452F93B}.Release|Any CPU.Build.0 = Release|Any CPU
		{71247444-BDA0-443C-9014-F4853AF066B7}.Debug|Any CPU.ActiveCfg = Debug|Any CPU
		{71247444-BDA0-443C-9014-F4853AF066B7}.Debug|Any CPU.Build.0 = Debug|Any CPU
		{71247444-BDA0-443C-9014-F4853AF066B7}.Release|Any CPU.ActiveCfg = Release|Any CPU
		{71247444-BDA0-443C-9014-F4853AF066B7}.Release|Any CPU.Build.0 = Release|Any CPU
		{64CFFE7C-E0BD-4B58-90CB-B32A16A4BC0B}.Debug|Any CPU.ActiveCfg = Debug|Any CPU
		{64CFFE7C-E0BD-4B58-90CB-B32A16A4BC0B}.Debug|Any CPU.Build.0 = Debug|Any CPU
		{64CFFE7C-E0BD-4B58-90CB-B32A16A4BC0B}.Release|Any CPU.ActiveCfg = Release|Any CPU
		{64CFFE7C-E0BD-4B58-90CB-B32A16A4BC0B}.Release|Any CPU.Build.0 = Release|Any CPU
		{425E5ED4-BA22-49AF-9689-829B85BED5C3}.Debug|Any CPU.ActiveCfg = Debug|Any CPU
		{425E5ED4-BA22-49AF-9689-829B85BED5C3}.Debug|Any CPU.Build.0 = Debug|Any CPU
		{425E5ED4-BA22-49AF-9689-829B85BED5C3}.Release|Any CPU.ActiveCfg = Release|Any CPU
		{425E5ED4-BA22-49AF-9689-829B85BED5C3}.Release|Any CPU.Build.0 = Release|Any CPU
		{21D88458-2DBC-4FCD-BD69-EBB2FB45A042}.Debug|Any CPU.ActiveCfg = Debug|Any CPU
		{21D88458-2DBC-4FCD-BD69-EBB2FB45A042}.Debug|Any CPU.Build.0 = Debug|Any CPU
		{21D88458-2DBC-4FCD-BD69-EBB2FB45A042}.Release|Any CPU.ActiveCfg = Release|Any CPU
		{21D88458-2DBC-4FCD-BD69-EBB2FB45A042}.Release|Any CPU.Build.0 = Release|Any CPU
	EndGlobalSection
	GlobalSection(SolutionProperties) = preSolution
		HideSolutionNode = FALSE
	EndGlobalSection
	GlobalSection(NestedProjects) = preSolution
		{D0B9BC15-A3F6-4CC6-880D-31B9AE5AE5BC} = {03B01401-980C-4E7D-8B35-501367970FBF}
		{4C18CC9F-F44F-4886-BBDC-5153C1F46664} = {EB4C217E-A848-4C62-BC13-B813C3C548A6}
		{F6EF1976-6947-4243-8204-BD5934D18A64} = {7E7E08E1-1D80-464B-9719-D8206E97D13B}
		{09E83DDD-9C74-44F8-AB00-CBF8C4BDEA71} = {B818AD7C-1945-4E87-80BF-F2E74660CFFE}
		{F3C6E12B-A9A3-434A-8EA3-EC87401B360F} = {03B01401-980C-4E7D-8B35-501367970FBF}
		{83E8C23A-8655-4EE4-9CC4-124DA5CF8A4E} = {7E7E08E1-1D80-464B-9719-D8206E97D13B}
		{2C3F04E7-D67E-4354-A2C0-C245ADC59C73} = {B818AD7C-1945-4E87-80BF-F2E74660CFFE}
		{23C9F33E-2FB3-450F-91C2-8AAE63E6F8E0} = {A7117FA3-88CB-471F-8C86-4F97704A3ED9}
		{AE75B047-07C0-4F9C-95EF-C1299452F93B} = {23C9F33E-2FB3-450F-91C2-8AAE63E6F8E0}
		{EB4C217E-A848-4C62-BC13-B813C3C548A6} = {A7117FA3-88CB-471F-8C86-4F97704A3ED9}
		{71247444-BDA0-443C-9014-F4853AF066B7} = {B818AD7C-1945-4E87-80BF-F2E74660CFFE}
		{64CFFE7C-E0BD-4B58-90CB-B32A16A4BC0B} = {B818AD7C-1945-4E87-80BF-F2E74660CFFE}
		{425E5ED4-BA22-49AF-9689-829B85BED5C3} = {7E7E08E1-1D80-464B-9719-D8206E97D13B}
		{21D88458-2DBC-4FCD-BD69-EBB2FB45A042} = {EB4C217E-A848-4C62-BC13-B813C3C548A6}
	EndGlobalSection
EndGlobal
